
Microsoft Visual Studio Solution File, Format Version 12.00
# Visual Studio 15
VisualStudioVersion = 15.0.28307.136
MinimumVisualStudioVersion = 10.0.40219.1
Project("{FAE04EC0-301F-11D3-BF4B-00C04F79EFBC}") = "RandomArrayGenerator", "RandomArrayGenerator\RandomArrayGenerator.csproj", "{CA661F67-3728-420E-B762-E68F30C1D04C}"
EndProject
Global
	GlobalSection(SolutionConfigurationPlatforms) = preSolution
		Debug|Any CPU = Debug|Any CPU
		Release|Any CPU = Release|Any CPU
	EndGlobalSection
	GlobalSection(ProjectConfigurationPlatforms) = postSolution
		{CA661F67-3728-420E-B762-E68F30C1D04C}.Debug|Any CPU.ActiveCfg = Debug|Any CPU
		{CA661F67-3728-420E-B762-E68F30C1D04C}.Debug|Any CPU.Build.0 = Debug|Any CPU
		{CA661F67-3728-420E-B762-E68F30C1D04C}.Release|Any CPU.ActiveCfg = Release|Any CPU
		{CA661F67-3728-420E-B762-E68F30C1D04C}.Release|Any CPU.Build.0 = Release|Any CPU
	EndGlobalSection
	GlobalSection(SolutionProperties) = preSolution
		HideSolutionNode = FALSE
	EndGlobalSection
	GlobalSection(ExtensibilityGlobals) = postSolution
		SolutionGuid = {6FCE0EFC-CB38-4BD8-B0C5-9DEF7FC1BF99}
	EndGlobalSection
EndGlobal
