
Microsoft Visual Studio Solution File, Format Version 12.00
# Visual Studio 15
VisualStudioVersion = 15.0.28307.136
MinimumVisualStudioVersion = 10.0.40219.1
Project("{FAE04EC0-301F-11D3-BF4B-00C04F79EFBC}") = "SearchingImplementations", "SearchingImplementations\SearchingImplementations.csproj", "{21E51032-C12F-41B6-BCCA-4CB47F4D0502}"
EndProject
Global
	GlobalSection(SolutionConfigurationPlatforms) = preSolution
		Debug|Any CPU = Debug|Any CPU
		Release|Any CPU = Release|Any CPU
	EndGlobalSection
	GlobalSection(ProjectConfigurationPlatforms) = postSolution
		{21E51032-C12F-41B6-BCCA-4CB47F4D0502}.Debug|Any CPU.ActiveCfg = Debug|Any CPU
		{21E51032-C12F-41B6-BCCA-4CB47F4D0502}.Debug|Any CPU.Build.0 = Debug|Any CPU
		{21E51032-C12F-41B6-BCCA-4CB47F4D0502}.Release|Any CPU.ActiveCfg = Release|Any CPU
		{21E51032-C12F-41B6-BCCA-4CB47F4D0502}.Release|Any CPU.Build.0 = Release|Any CPU
	EndGlobalSection
	GlobalSection(SolutionProperties) = preSolution
		HideSolutionNode = FALSE
	EndGlobalSection
	GlobalSection(ExtensibilityGlobals) = postSolution
		SolutionGuid = {FE979F41-7669-448E-B3BC-0077CC0E0A21}
	EndGlobalSection
EndGlobal
